
Microsoft Visual Studio Solution File, Format Version 10.00
# Visual C++ Express 2008
Project("{8BC9CEB8-8B4A-11D0-8D11-00A0C91BC942}") = "db-testdemo-cli", "db-testdemo\cli\db-testdemo-cli.vcproj", "{65E03EFD-76D9-4BD9-928E-09456BAAD97A}"
EndProject
Project("{8BC9CEB8-8B4A-11D0-8D11-00A0C91BC942}") = "db-testdemo-exe", "db-testdemo\exe\db-testdemo-exe.vcproj", "{27DE0C05-E4B5-4107-AFC7-87B53710A04E}"
EndProject
Project("{8BC9CEB8-8B4A-11D0-8D11-00A0C91BC942}") = "db-testdemo-lib", "db-testdemo\lib\db-testdemo-lib.vcproj", "{8E171F08-0FCF-4CE9-8A40-75848EB933E6}"
EndProject
Global
	GlobalSection(SolutionConfigurationPlatforms) = preSolution
		Debug-cli|Win32 = Debug-cli|Win32
		Debug-exe|Win32 = Debug-exe|Win32
		Release-cli|Win32 = Release-cli|Win32
		Release-exe|Win32 = Release-exe|Win32
	EndGlobalSection
	GlobalSection(ProjectConfigurationPlatforms) = postSolution
		{65E03EFD-76D9-4BD9-928E-09456BAAD97A}.Debug-cli|Win32.ActiveCfg = Debug|Win32
		{65E03EFD-76D9-4BD9-928E-09456BAAD97A}.Debug-cli|Win32.Build.0 = Debug|Win32
		{65E03EFD-76D9-4BD9-928E-09456BAAD97A}.Debug-exe|Win32.ActiveCfg = Debug-exe|Win32
		{65E03EFD-76D9-4BD9-928E-09456BAAD97A}.Release-cli|Win32.ActiveCfg = Release|Win32
		{65E03EFD-76D9-4BD9-928E-09456BAAD97A}.Release-cli|Win32.Build.0 = Release|Win32
		{65E03EFD-76D9-4BD9-928E-09456BAAD97A}.Release-exe|Win32.ActiveCfg = Release-exe|Win32
		{27DE0C05-E4B5-4107-AFC7-87B53710A04E}.Debug-cli|Win32.ActiveCfg = Debug|Win32
		{27DE0C05-E4B5-4107-AFC7-87B53710A04E}.Debug-exe|Win32.ActiveCfg = Debug-exe|Win32
		{27DE0C05-E4B5-4107-AFC7-87B53710A04E}.Debug-exe|Win32.Build.0 = Debug-exe|Win32
		{27DE0C05-E4B5-4107-AFC7-87B53710A04E}.Release-cli|Win32.ActiveCfg = Release|Win32
		{27DE0C05-E4B5-4107-AFC7-87B53710A04E}.Release-exe|Win32.ActiveCfg = Release-exe|Win32
		{27DE0C05-E4B5-4107-AFC7-87B53710A04E}.Release-exe|Win32.Build.0 = Release-exe|Win32
		{8E171F08-0FCF-4CE9-8A40-75848EB933E6}.Debug-cli|Win32.ActiveCfg = Debug|Win32
		{8E171F08-0FCF-4CE9-8A40-75848EB933E6}.Debug-cli|Win32.Build.0 = Debug|Win32
		{8E171F08-0FCF-4CE9-8A40-75848EB933E6}.Debug-exe|Win32.ActiveCfg = Debug-exe|Win32
		{8E171F08-0FCF-4CE9-8A40-75848EB933E6}.Debug-exe|Win32.Build.0 = Debug-exe|Win32
		{8E171F08-0FCF-4CE9-8A40-75848EB933E6}.Release-cli|Win32.ActiveCfg = Release|Win32
		{8E171F08-0FCF-4CE9-8A40-75848EB933E6}.Release-cli|Win32.Build.0 = Release|Win32
		{8E171F08-0FCF-4CE9-8A40-75848EB933E6}.Release-exe|Win32.ActiveCfg = Release-exe|Win32
		{8E171F08-0FCF-4CE9-8A40-75848EB933E6}.Release-exe|Win32.Build.0 = Release-exe|Win32
	EndGlobalSection
	GlobalSection(SolutionProperties) = preSolution
		HideSolutionNode = FALSE
	EndGlobalSection
EndGlobal
